# This file is automatically @generated by Poetry 1.5.4 and should not be changed by hand.

[[package]]
name = "urcalc"
version = "0.2.0"
description = "Simple calculator in terminal using Urwid"
optional = false
python-versions = "*"
files = [
    {file = "urcalc-0.2.0-py33-none-any.whl", hash = "sha256:afefa3e61cec7339366e16b880d74cd968f9d04c43f412ef16b7204be8f75f95"},
    {file = "urcalc-0.2.0.tar.gz", hash = "sha256:00af5f80325dd9fdad6bad49f18ff6abfdd562935f68117aaf06ab91441f5ecc"},
    {file = "urcalc-0.2.0.zip", hash = "sha256:baca92cab94ceafc459180428c47af9d2199a2f7b71d55aed2c85143b1269dc9"},
]

[metadata]
lock-version = "2.0"
python-versions = ">=3.10.0,<3.12"
content-hash = "54cf9ca2af2b7c2eadbe855a1b7816e1608dd20ae1ac9b7ba3e173cb2bd08131"
